
Microsoft Visual Studio Solution File, Format Version 12.00
# Visual Studio Version 17
VisualStudioVersion = 17.0.31717.71
MinimumVisualStudioVersion = 10.0.40219.1
Project("{9A19103F-16F7-4668-BE54-9A1E7A4F7556}") = "LambdaFunction", "LambdaFunction\LambdaFunction.csproj", "{E5AC17B1-0DFE-4B02-8E8A-D738B443733E}"
EndProject
Project("{9A19103F-16F7-4668-BE54-9A1E7A4F7556}") = "EC2BenchmarkingNet6", "WebApi\EC2BenchmarkingNet6.csproj", "{4FB6DE6B-1EB3-40C2-A442-C74459D4E9A2}"
EndProject
Global
	GlobalSection(SolutionConfigurationPlatforms) = preSolution
		Debug|Any CPU = Debug|Any CPU
		Release|Any CPU = Release|Any CPU
	EndGlobalSection
	GlobalSection(ProjectConfigurationPlatforms) = postSolution
		{E5AC17B1-0DFE-4B02-8E8A-D738B443733E}.Debug|Any CPU.ActiveCfg = Debug|Any CPU
		{E5AC17B1-0DFE-4B02-8E8A-D738B443733E}.Debug|Any CPU.Build.0 = Debug|Any CPU
		{E5AC17B1-0DFE-4B02-8E8A-D738B443733E}.Release|Any CPU.ActiveCfg = Release|Any CPU
		{E5AC17B1-0DFE-4B02-8E8A-D738B443733E}.Release|Any CPU.Build.0 = Release|Any CPU
		{4FB6DE6B-1EB3-40C2-A442-C74459D4E9A2}.Debug|Any CPU.ActiveCfg = Debug|Any CPU
		{4FB6DE6B-1EB3-40C2-A442-C74459D4E9A2}.Debug|Any CPU.Build.0 = Debug|Any CPU
		{4FB6DE6B-1EB3-40C2-A442-C74459D4E9A2}.Release|Any CPU.ActiveCfg = Release|Any CPU
		{4FB6DE6B-1EB3-40C2-A442-C74459D4E9A2}.Release|Any CPU.Build.0 = Release|Any CPU
	EndGlobalSection
	GlobalSection(SolutionProperties) = preSolution
		HideSolutionNode = FALSE
	EndGlobalSection
	GlobalSection(ExtensibilityGlobals) = postSolution
		SolutionGuid = {F701DEDC-1681-4B70-A3A5-EB663A85D75D}
	EndGlobalSection
EndGlobal
